
Microsoft Visual Studio Solution File, Format Version 12.00
# Visual Studio Version 16
VisualStudioVersion = 16.0.32413.511
MinimumVisualStudioVersion = 10.0.40219.1
Project("{8BC9CEB8-8B4A-11D0-8D11-00A0C91BC942}") = "core", "CORE\core.vcxproj", "{AF48E093-CF80-40B6-BE05-CC2699AB850B}"
EndProject
Project("{8BC9CEB8-8B4A-11D0-8D11-00A0C91BC942}") = "GUI", "GUI\DigitalPiano.vcxproj", "{6B1E9136-F175-4F5F-B522-532D469D4D3E}"
EndProject
Global
	GlobalSection(SolutionConfigurationPlatforms) = preSolution
		Debug|x64 = Debug|x64
		Debug|x86 = Debug|x86
		Release|x64 = Release|x64
		Release|x86 = Release|x86
	EndGlobalSection
	GlobalSection(ProjectConfigurationPlatforms) = postSolution
		{AF48E093-CF80-40B6-BE05-CC2699AB850B}.Debug|x64.ActiveCfg = Debug|x64
		{AF48E093-CF80-40B6-BE05-CC2699AB850B}.Debug|x64.Build.0 = Debug|x64
		{AF48E093-CF80-40B6-BE05-CC2699AB850B}.Debug|x86.ActiveCfg = Debug|Win32
		{AF48E093-CF80-40B6-BE05-CC2699AB850B}.Debug|x86.Build.0 = Debug|Win32
		{AF48E093-CF80-40B6-BE05-CC2699AB850B}.Release|x64.ActiveCfg = Release|x64
		{AF48E093-CF80-40B6-BE05-CC2699AB850B}.Release|x64.Build.0 = Release|x64
		{AF48E093-CF80-40B6-BE05-CC2699AB850B}.Release|x86.ActiveCfg = Release|Win32
		{AF48E093-CF80-40B6-BE05-CC2699AB850B}.Release|x86.Build.0 = Release|Win32
		{6B1E9136-F175-4F5F-B522-532D469D4D3E}.Debug|x64.ActiveCfg = Debug|x64
		{6B1E9136-F175-4F5F-B522-532D469D4D3E}.Debug|x64.Build.0 = Debug|x64
		{6B1E9136-F175-4F5F-B522-532D469D4D3E}.Debug|x86.ActiveCfg = Debug|Win32
		{6B1E9136-F175-4F5F-B522-532D469D4D3E}.Debug|x86.Build.0 = Debug|Win32
		{6B1E9136-F175-4F5F-B522-532D469D4D3E}.Release|x64.ActiveCfg = Release|x64
		{6B1E9136-F175-4F5F-B522-532D469D4D3E}.Release|x64.Build.0 = Release|x64
		{6B1E9136-F175-4F5F-B522-532D469D4D3E}.Release|x86.ActiveCfg = Release|Win32
		{6B1E9136-F175-4F5F-B522-532D469D4D3E}.Release|x86.Build.0 = Release|Win32
	EndGlobalSection
	GlobalSection(SolutionProperties) = preSolution
		HideSolutionNode = FALSE
	EndGlobalSection
	GlobalSection(ExtensibilityGlobals) = postSolution
		SolutionGuid = {8CA39632-E855-4FDE-A356-67FAE2C34307}
	EndGlobalSection
EndGlobal
